
Microsoft Visual Studio Solution File, Format Version 12.00
# Visual Studio Version 17
VisualStudioVersion = 17.2.32616.157
MinimumVisualStudioVersion = 10.0.40219.1
Project("{FAE04EC0-301F-11D3-BF4B-00C04F79EFBC}") = "LoginPageApp.UWP", "LoginPageApp.UWP\LoginPageApp.UWP.csproj", "{5088F02F-0406-43CC-BD1A-201473AD40D7}"
EndProject
Project("{FAE04EC0-301F-11D3-BF4B-00C04F79EFBC}") = "LoginPageApp.Android", "LoginPageApp.Android\LoginPageApp.Android.csproj", "{5AAE7362-360C-4BFB-ABBD-DB8C709164EB}"
EndProject
Project("{FAE04EC0-301F-11D3-BF4B-00C04F79EFBC}") = "LoginPageApp.iOS", "LoginPageApp.iOS\LoginPageApp.iOS.csproj", "{24BC58CA-A008-4F5F-82CE-318171DD4799}"
EndProject
Project("{FAE04EC0-301F-11D3-BF4B-00C04F79EFBC}") = "LoginPageApp", "LoginPageApp\LoginPageApp.csproj", "{114C4330-05E7-4676-80B1-CC378B3D9EF7}"
EndProject
Global
	GlobalSection(SolutionConfigurationPlatforms) = preSolution
		Debug|Any CPU = Debug|Any CPU
		Debug|ARM = Debug|ARM
		Debug|iPhone = Debug|iPhone
		Debug|iPhoneSimulator = Debug|iPhoneSimulator
		Debug|x64 = Debug|x64
		Debug|x86 = Debug|x86
		Release|Any CPU = Release|Any CPU
		Release|ARM = Release|ARM
		Release|iPhone = Release|iPhone
		Release|iPhoneSimulator = Release|iPhoneSimulator
		Release|x64 = Release|x64
		Release|x86 = Release|x86
	EndGlobalSection
	GlobalSection(ProjectConfigurationPlatforms) = postSolution
		{5088F02F-0406-43CC-BD1A-201473AD40D7}.Debug|Any CPU.ActiveCfg = Debug|x64
		{5088F02F-0406-43CC-BD1A-201473AD40D7}.Debug|Any CPU.Build.0 = Debug|x64
		{5088F02F-0406-43CC-BD1A-201473AD40D7}.Debug|Any CPU.Deploy.0 = Debug|x64
		{5088F02F-0406-43CC-BD1A-201473AD40D7}.Debug|ARM.ActiveCfg = Debug|ARM
		{5088F02F-0406-43CC-BD1A-201473AD40D7}.Debug|ARM.Build.0 = Debug|ARM
		{5088F02F-0406-43CC-BD1A-201473AD40D7}.Debug|ARM.Deploy.0 = Debug|ARM
		{5088F02F-0406-43CC-BD1A-201473AD40D7}.Debug|iPhone.ActiveCfg = Debug|x64
		{5088F02F-0406-43CC-BD1A-201473AD40D7}.Debug|iPhone.Build.0 = Debug|x64
		{5088F02F-0406-43CC-BD1A-201473AD40D7}.Debug|iPhone.Deploy.0 = Debug|x64
		{5088F02F-0406-43CC-BD1A-201473AD40D7}.Debug|iPhoneSimulator.ActiveCfg = Debug|x64
		{5088F02F-0406-43CC-BD1A-201473AD40D7}.Debug|iPhoneSimulator.Build.0 = Debug|x64
		{5088F02F-0406-43CC-BD1A-201473AD40D7}.Debug|iPhoneSimulator.Deploy.0 = Debug|x64
		{5088F02F-0406-43CC-BD1A-201473AD40D7}.Debug|x64.ActiveCfg = Debug|x64
		{5088F02F-0406-43CC-BD1A-201473AD40D7}.Debug|x64.Build.0 = Debug|x64
		{5088F02F-0406-43CC-BD1A-201473AD40D7}.Debug|x64.Deploy.0 = Debug|x64
		{5088F02F-0406-43CC-BD1A-201473AD40D7}.Debug|x86.ActiveCfg = Debug|x86
		{5088F02F-0406-43CC-BD1A-201473AD40D7}.Debug|x86.Build.0 = Debug|x86
		{5088F02F-0406-43CC-BD1A-201473AD40D7}.Debug|x86.Deploy.0 = Debug|x86
		{5088F02F-0406-43CC-BD1A-201473AD40D7}.Release|Any CPU.ActiveCfg = Release|x64
		{5088F02F-0406-43CC-BD1A-201473AD40D7}.Release|Any CPU.Build.0 = Release|x64
		{5088F02F-0406-43CC-BD1A-201473AD40D7}.Release|Any CPU.Deploy.0 = Release|x64
		{5088F02F-0406-43CC-BD1A-201473AD40D7}.Release|ARM.ActiveCfg = Release|ARM
		{5088F02F-0406-43CC-BD1A-201473AD40D7}.Release|ARM.Build.0 = Release|ARM
		{5088F02F-0406-43CC-BD1A-201473AD40D7}.Release|ARM.Deploy.0 = Release|ARM
		{5088F02F-0406-43CC-BD1A-201473AD40D7}.Release|iPhone.ActiveCfg = Release|x64
		{5088F02F-0406-43CC-BD1A-201473AD40D7}.Release|iPhone.Build.0 = Release|x64
		{5088F02F-0406-43CC-BD1A-201473AD40D7}.Release|iPhone.Deploy.0 = Release|x64
		{5088F02F-0406-43CC-BD1A-201473AD40D7}.Release|iPhoneSimulator.ActiveCfg = Release|x64
		{5088F02F-0406-43CC-BD1A-201473AD40D7}.Release|iPhoneSimulator.Build.0 = Release|x64
		{5088F02F-0406-43CC-BD1A-201473AD40D7}.Release|iPhoneSimulator.Deploy.0 = Release|x64
		{5088F02F-0406-43CC-BD1A-201473AD40D7}.Release|x64.ActiveCfg = Release|x64
		{5088F02F-0406-43CC-BD1A-201473AD40D7}.Release|x64.Build.0 = Release|x64
		{5088F02F-0406-43CC-BD1A-201473AD40D7}.Release|x64.Deploy.0 = Release|x64
		{5088F02F-0406-43CC-BD1A-201473AD40D7}.Release|x86.ActiveCfg = Release|x86
		{5088F02F-0406-43CC-BD1A-201473AD40D7}.Release|x86.Build.0 = Release|x86
		{5088F02F-0406-43CC-BD1A-201473AD40D7}.Release|x86.Deploy.0 = Release|x86
		{5AAE7362-360C-4BFB-ABBD-DB8C709164EB}.Debug|Any CPU.ActiveCfg = Debug|Any CPU
		{5AAE7362-360C-4BFB-ABBD-DB8C709164EB}.Debug|Any CPU.Build.0 = Debug|Any CPU
		{5AAE7362-360C-4BFB-ABBD-DB8C709164EB}.Debug|Any CPU.Deploy.0 = Debug|Any CPU
		{5AAE7362-360C-4BFB-ABBD-DB8C709164EB}.Debug|ARM.ActiveCfg = Debug|Any CPU
		{5AAE7362-360C-4BFB-ABBD-DB8C709164EB}.Debug|ARM.Build.0 = Debug|Any CPU
		{5AAE7362-360C-4BFB-ABBD-DB8C709164EB}.Debug|ARM.Deploy.0 = Debug|Any CPU
		{5AAE7362-360C-4BFB-ABBD-DB8C709164EB}.Debug|iPhone.ActiveCfg = Debug|Any CPU
		{5AAE7362-360C-4BFB-ABBD-DB8C709164EB}.Debug|iPhone.Build.0 = Debug|Any CPU
		{5AAE7362-360C-4BFB-ABBD-DB8C709164EB}.Debug|iPhone.Deploy.0 = Debug|Any CPU
		{5AAE7362-360C-4BFB-ABBD-DB8C709164EB}.Debug|iPhoneSimulator.ActiveCfg = Debug|Any CPU
		{5AAE7362-360C-4BFB-ABBD-DB8C709164EB}.Debug|iPhoneSimulator.Build.0 = Debug|Any CPU
		{5AAE7362-360C-4BFB-ABBD-DB8C709164EB}.Debug|iPhoneSimulator.Deploy.0 = Debug|Any CPU
		{5AAE7362-360C-4BFB-ABBD-DB8C709164EB}.Debug|x64.ActiveCfg = Debug|Any CPU
		{5AAE7362-360C-4BFB-ABBD-DB8C709164EB}.Debug|x64.Build.0 = Debug|Any CPU
		{5AAE7362-360C-4BFB-ABBD-DB8C709164EB}.Debug|x64.Deploy.0 = Debug|Any CPU
		{5AAE7362-360C-4BFB-ABBD-DB8C709164EB}.Debug|x86.ActiveCfg = Debug|Any CPU
		{5AAE7362-360C-4BFB-ABBD-DB8C709164EB}.Debug|x86.Build.0 = Debug|Any CPU
		{5AAE7362-360C-4BFB-ABBD-DB8C709164EB}.Debug|x86.Deploy.0 = Debug|Any CPU
		{5AAE7362-360C-4BFB-ABBD-DB8C709164EB}.Release|Any CPU.ActiveCfg = Release|Any CPU
		{5AAE7362-360C-4BFB-ABBD-DB8C709164EB}.Release|Any CPU.Build.0 = Release|Any CPU
		{5AAE7362-360C-4BFB-ABBD-DB8C709164EB}.Release|Any CPU.Deploy.0 = Release|Any CPU
		{5AAE7362-360C-4BFB-ABBD-DB8C709164EB}.Release|ARM.ActiveCfg = Release|Any CPU
		{5AAE7362-360C-4BFB-ABBD-DB8C709164EB}.Release|ARM.Build.0 = Release|Any CPU
		{5AAE7362-360C-4BFB-ABBD-DB8C709164EB}.Release|ARM.Deploy.0 = Release|Any CPU
		{5AAE7362-360C-4BFB-ABBD-DB8C709164EB}.Release|iPhone.ActiveCfg = Release|Any CPU
		{5AAE7362-360C-4BFB-ABBD-DB8C709164EB}.Release|iPhone.Build.0 = Release|Any CPU
		{5AAE7362-360C-4BFB-ABBD-DB8C709164EB}.Release|iPhone.Deploy.0 = Release|Any CPU
		{5AAE7362-360C-4BFB-ABBD-DB8C709164EB}.Release|iPhoneSimulator.ActiveCfg = Release|Any CPU
		{5AAE7362-360C-4BFB-ABBD-DB8C709164EB}.Release|iPhoneSimulator.Build.0 = Release|Any CPU
		{5AAE7362-360C-4BFB-ABBD-DB8C709164EB}.Release|iPhoneSimulator.Deploy.0 = Release|Any CPU
		{5AAE7362-360C-4BFB-ABBD-DB8C709164EB}.Release|x64.ActiveCfg = Release|Any CPU
		{5AAE7362-360C-4BFB-ABBD-DB8C709164EB}.Release|x64.Build.0 = Release|Any CPU
		{5AAE7362-360C-4BFB-ABBD-DB8C709164EB}.Release|x64.Deploy.0 = Release|Any CPU
		{5AAE7362-360C-4BFB-ABBD-DB8C709164EB}.Release|x86.ActiveCfg = Release|Any CPU
		{5AAE7362-360C-4BFB-ABBD-DB8C709164EB}.Release|x86.Build.0 = Release|Any CPU
		{5AAE7362-360C-4BFB-ABBD-DB8C709164EB}.Release|x86.Deploy.0 = Release|Any CPU
		{24BC58CA-A008-4F5F-82CE-318171DD4799}.Debug|Any CPU.ActiveCfg = Debug|iPhoneSimulator
		{24BC58CA-A008-4F5F-82CE-318171DD4799}.Debug|Any CPU.Build.0 = Debug|iPhoneSimulator
		{24BC58CA-A008-4F5F-82CE-318171DD4799}.Debug|Any CPU.Deploy.0 = Debug|iPhoneSimulator
		{24BC58CA-A008-4F5F-82CE-318171DD4799}.Debug|ARM.ActiveCfg = Debug|iPhoneSimulator
		{24BC58CA-A008-4F5F-82CE-318171DD4799}.Debug|ARM.Build.0 = Debug|iPhoneSimulator
		{24BC58CA-A008-4F5F-82CE-318171DD4799}.Debug|ARM.Deploy.0 = Debug|iPhoneSimulator
		{24BC58CA-A008-4F5F-82CE-318171DD4799}.Debug|iPhone.ActiveCfg = Debug|iPhone
		{24BC58CA-A008-4F5F-82CE-318171DD4799}.Debug|iPhone.Build.0 = Debug|iPhone
		{24BC58CA-A008-4F5F-82CE-318171DD4799}.Debug|iPhone.Deploy.0 = Debug|iPhone
		{24BC58CA-A008-4F5F-82CE-318171DD4799}.Debug|iPhoneSimulator.ActiveCfg = Debug|iPhoneSimulator
		{24BC58CA-A008-4F5F-82CE-318171DD4799}.Debug|iPhoneSimulator.Build.0 = Debug|iPhoneSimulator
		{24BC58CA-A008-4F5F-82CE-318171DD4799}.Debug|iPhoneSimulator.Deploy.0 = Debug|iPhoneSimulator
		{24BC58CA-A008-4F5F-82CE-318171DD4799}.Debug|x64.ActiveCfg = Debug|iPhone
		{24BC58CA-A008-4F5F-82CE-318171DD4799}.Debug|x64.Build.0 = Debug|iPhone
		{24BC58CA-A008-4F5F-82CE-318171DD4799}.Debug|x64.Deploy.0 = Debug|iPhone
		{24BC58CA-A008-4F5F-82CE-318171DD4799}.Debug|x86.ActiveCfg = Debug|iPhoneSimulator
		{24BC58CA-A008-4F5F-82CE-318171DD4799}.Debug|x86.Build.0 = Debug|iPhoneSimulator
		{24BC58CA-A008-4F5F-82CE-318171DD4799}.Debug|x86.Deploy.0 = Debug|iPhoneSimulator
		{24BC58CA-A008-4F5F-82CE-318171DD4799}.Release|Any CPU.ActiveCfg = Release|iPhoneSimulator
		{24BC58CA-A008-4F5F-82CE-318171DD4799}.Release|Any CPU.Build.0 = Release|iPhoneSimulator
		{24BC58CA-A008-4F5F-82CE-318171DD4799}.Release|Any CPU.Deploy.0 = Release|iPhoneSimulator
		{24BC58CA-A008-4F5F-82CE-318171DD4799}.Release|ARM.ActiveCfg = Release|iPhoneSimulator
		{24BC58CA-A008-4F5F-82CE-318171DD4799}.Release|ARM.Build.0 = Release|iPhoneSimulator
		{24BC58CA-A008-4F5F-82CE-318171DD4799}.Release|ARM.Deploy.0 = Release|iPhoneSimulator
		{24BC58CA-A008-4F5F-82CE-318171DD4799}.Release|iPhone.ActiveCfg = Release|iPhone
		{24BC58CA-A008-4F5F-82CE-318171DD4799}.Release|iPhone.Build.0 = Release|iPhone
		{24BC58CA-A008-4F5F-82CE-318171DD4799}.Release|iPhone.Deploy.0 = Release|iPhone
		{24BC58CA-A008-4F5F-82CE-318171DD4799}.Release|iPhoneSimulator.ActiveCfg = Release|iPhoneSimulator
		{24BC58CA-A008-4F5F-82CE-318171DD4799}.Release|iPhoneSimulator.Build.0 = Release|iPhoneSimulator
		{24BC58CA-A008-4F5F-82CE-318171DD4799}.Release|iPhoneSimulator.Deploy.0 = Release|iPhoneSimulator
		{24BC58CA-A008-4F5F-82CE-318171DD4799}.Release|x64.ActiveCfg = Release|iPhoneSimulator
		{24BC58CA-A008-4F5F-82CE-318171DD4799}.Release|x64.Build.0 = Release|iPhoneSimulator
		{24BC58CA-A008-4F5F-82CE-318171DD4799}.Release|x64.Deploy.0 = Release|iPhoneSimulator
		{24BC58CA-A008-4F5F-82CE-318171DD4799}.Release|x86.ActiveCfg = Release|iPhoneSimulator
		{24BC58CA-A008-4F5F-82CE-318171DD4799}.Release|x86.Build.0 = Release|iPhoneSimulator
		{24BC58CA-A008-4F5F-82CE-318171DD4799}.Release|x86.Deploy.0 = Release|iPhoneSimulator
		{114C4330-05E7-4676-80B1-CC378B3D9EF7}.Debug|Any CPU.ActiveCfg = Debug|Any CPU
		{114C4330-05E7-4676-80B1-CC378B3D9EF7}.Debug|Any CPU.Build.0 = Debug|Any CPU
		{114C4330-05E7-4676-80B1-CC378B3D9EF7}.Debug|Any CPU.Deploy.0 = Debug|Any CPU
		{114C4330-05E7-4676-80B1-CC378B3D9EF7}.Debug|ARM.ActiveCfg = Debug|Any CPU
		{114C4330-05E7-4676-80B1-CC378B3D9EF7}.Debug|ARM.Build.0 = Debug|Any CPU
		{114C4330-05E7-4676-80B1-CC378B3D9EF7}.Debug|ARM.Deploy.0 = Debug|Any CPU
		{114C4330-05E7-4676-80B1-CC378B3D9EF7}.Debug|iPhone.ActiveCfg = Debug|Any CPU
		{114C4330-05E7-4676-80B1-CC378B3D9EF7}.Debug|iPhone.Build.0 = Debug|Any CPU
		{114C4330-05E7-4676-80B1-CC378B3D9EF7}.Debug|iPhone.Deploy.0 = Debug|Any CPU
		{114C4330-05E7-4676-80B1-CC378B3D9EF7}.Debug|iPhoneSimulator.ActiveCfg = Debug|Any CPU
		{114C4330-05E7-4676-80B1-CC378B3D9EF7}.Debug|iPhoneSimulator.Build.0 = Debug|Any CPU
		{114C4330-05E7-4676-80B1-CC378B3D9EF7}.Debug|iPhoneSimulator.Deploy.0 = Debug|Any CPU
		{114C4330-05E7-4676-80B1-CC378B3D9EF7}.Debug|x64.ActiveCfg = Debug|Any CPU
		{114C4330-05E7-4676-80B1-CC378B3D9EF7}.Debug|x64.Build.0 = Debug|Any CPU
		{114C4330-05E7-4676-80B1-CC378B3D9EF7}.Debug|x64.Deploy.0 = Debug|Any CPU
		{114C4330-05E7-4676-80B1-CC378B3D9EF7}.Debug|x86.ActiveCfg = Debug|Any CPU
		{114C4330-05E7-4676-80B1-CC378B3D9EF7}.Debug|x86.Build.0 = Debug|Any CPU
		{114C4330-05E7-4676-80B1-CC378B3D9EF7}.Debug|x86.Deploy.0 = Debug|Any CPU
		{114C4330-05E7-4676-80B1-CC378B3D9EF7}.Release|Any CPU.ActiveCfg = Release|Any CPU
		{114C4330-05E7-4676-80B1-CC378B3D9EF7}.Release|Any CPU.Build.0 = Release|Any CPU
		{114C4330-05E7-4676-80B1-CC378B3D9EF7}.Release|Any CPU.Deploy.0 = Release|Any CPU
		{114C4330-05E7-4676-80B1-CC378B3D9EF7}.Release|ARM.ActiveCfg = Release|Any CPU
		{114C4330-05E7-4676-80B1-CC378B3D9EF7}.Release|ARM.Build.0 = Release|Any CPU
		{114C4330-05E7-4676-80B1-CC378B3D9EF7}.Release|ARM.Deploy.0 = Release|Any CPU
		{114C4330-05E7-4676-80B1-CC378B3D9EF7}.Release|iPhone.ActiveCfg = Release|Any CPU
		{114C4330-05E7-4676-80B1-CC378B3D9EF7}.Release|iPhone.Build.0 = Release|Any CPU
		{114C4330-05E7-4676-80B1-CC378B3D9EF7}.Release|iPhone.Deploy.0 = Release|Any CPU
		{114C4330-05E7-4676-80B1-CC378B3D9EF7}.Release|iPhoneSimulator.ActiveCfg = Release|Any CPU
		{114C4330-05E7-4676-80B1-CC378B3D9EF7}.Release|iPhoneSimulator.Build.0 = Release|Any CPU
		{114C4330-05E7-4676-80B1-CC378B3D9EF7}.Release|iPhoneSimulator.Deploy.0 = Release|Any CPU
		{114C4330-05E7-4676-80B1-CC378B3D9EF7}.Release|x64.ActiveCfg = Release|Any CPU
		{114C4330-05E7-4676-80B1-CC378B3D9EF7}.Release|x64.Build.0 = Release|Any CPU
		{114C4330-05E7-4676-80B1-CC378B3D9EF7}.Release|x64.Deploy.0 = Release|Any CPU
		{114C4330-05E7-4676-80B1-CC378B3D9EF7}.Release|x86.ActiveCfg = Release|Any CPU
		{114C4330-05E7-4676-80B1-CC378B3D9EF7}.Release|x86.Build.0 = Release|Any CPU
		{114C4330-05E7-4676-80B1-CC378B3D9EF7}.Release|x86.Deploy.0 = Release|Any CPU
	EndGlobalSection
	GlobalSection(SolutionProperties) = preSolution
		HideSolutionNode = FALSE
	EndGlobalSection
	GlobalSection(ExtensibilityGlobals) = postSolution
		SolutionGuid = {760C855B-A81D-4022-BDCE-4577CB192B38}
	EndGlobalSection
EndGlobal
